<?xml version="1.0" encoding="utf-8"?>
<Project ToolsVersion="4.0" xmlns="http://schemas.microsoft.com/developer/msbuild/2003">
  <ItemGroup>
    <Filter Include="Source Files">
      <UniqueIdentifier>{4FC737F1-C7A5-4376-A066-2A32D752A2FF}</UniqueIdentifier>
      <Extensions>cpp;c;cc;cxx;def;odl;idl;hpj;bat;asm;asmx</Extensions>
    </Filter>
    <Filter Include="Header Files">
      <UniqueIdentifier>{93995380-89BD-4b04-88EB-625FBE52EBFB}</UniqueIdentifier>
      <Extensions>h;hpp;hxx;hm;inl;inc;xsd</Extensions>
    </Filter>
    <Filter Include="Resource Files">
      <UniqueIdentifier>{67DA6AB6-F800-4c08-8B7A-83BB121AAD01}</UniqueIdentifier>
      <Extensions>rc;ico;cur;bmp;dlg;rc2;rct;bin;rgs;gif;jpg;jpeg;jpe;resx;tiff;tif;png;wav;mfcribbon-ms</Extensions>
    </Filter>
    <Filter Include="Source Files\ContainerLoading">
      <UniqueIdentifier>{26fbefbc-7b73-4ce9-b66f-40dfcddf217a}</UniqueIdentifier>
    </Filter>
    <Filter Include="Source Files\ContainerLoading\Utils">
      <UniqueIdentifier>{294ec348-9f2b-408c-bee6-da9bbcf1df0e}</UniqueIdentifier>
    </Filter>
    <Filter Include="Source Files\ContainerLoading\Algotithm">
      <UniqueIdentifier>{2a7ef4ed-7cc4-45f8-82d9-92733eeb43e3}</UniqueIdentifier>
    </Filter>
    <Filter Include="Source Files\Visualization">
      <UniqueIdentifier>{480e6e75-e37e-4a2e-9e73-b34a2b531d00}</UniqueIdentifier>
    </Filter>
    <Filter Include="Source Files\Visualization\Engine">
      <UniqueIdentifier>{14c1b33f-47a4-47b1-a1e0-9bed18714b36}</UniqueIdentifier>
    </Filter>
    <Filter Include="Source Files\Visualization\Model">
      <UniqueIdentifier>{4194fc7d-179e-4611-ba85-eb53b29dc5e6}</UniqueIdentifier>
    </Filter>
    <Filter Include="Source Files\Visualization\Shaders">
      <UniqueIdentifier>{547a43ba-b49b-4df8-b636-0aab41d510c4}</UniqueIdentifier>
    </Filter>
  </ItemGroup>
  <ItemGroup>
    <ClCompile Include="Source\main.cpp">
      <Filter>Source Files</Filter>
    </ClCompile>
    <ClCompile Include="Source\ContainerLoading\Utils\Package.cpp">
      <Filter>Source Files\ContainerLoading\Utils</Filter>
    </ClCompile>
    <ClCompile Include="Source\ContainerLoading\Utils\Dimensions.cpp">
      <Filter>Source Files\ContainerLoading\Utils</Filter>
    </ClCompile>
    <ClCompile Include="Source\ContainerLoading\PackageGenerator.cpp">
      <Filter>Source Files\ContainerLoading</Filter>
    </ClCompile>
    <ClCompile Include="Source\ContainerLoading\Utils\Layer.cpp">
      <Filter>Source Files\ContainerLoading\Utils</Filter>
    </ClCompile>
    <ClCompile Include="Source\ContainerLoading\Utils\Container.cpp">
      <Filter>Source Files\ContainerLoading\Utils</Filter>
    </ClCompile>
    <ClCompile Include="Source\ContainerLoading\Algorithm\IAlgorithm.cpp">
      <Filter>Source Files\ContainerLoading\Algotithm</Filter>
    </ClCompile>
    <ClCompile Include="Source\ContainerLoading\ContainerLoader.cpp">
      <Filter>Source Files\ContainerLoading</Filter>
    </ClCompile>
    <ClCompile Include="Source\ContainerLoading\Algorithm\ConstructionAlgorithm.cpp">
      <Filter>Source Files\ContainerLoading\Algotithm</Filter>
    </ClCompile>
    <ClCompile Include="Source\ContainerLoading\Algorithm\SimulatedAnnealing.cpp">
      <Filter>Source Files\ContainerLoading\Algotithm</Filter>
    </ClCompile>
    <ClCompile Include="Source\Visalisation\Visualisation.cpp">
      <Filter>Source Files\Visualization</Filter>
    </ClCompile>
    <ClCompile Include="Source\Visalisation\Model\Cube.cpp">
      <Filter>Source Files\Visualization\Model</Filter>
    </ClCompile>
    <ClCompile Include="Source\Visalisation\Engine\Camera.cpp">
      <Filter>Source Files\Visualization\Engine</Filter>
    </ClCompile>
    <ClCompile Include="Source\Visalisation\Engine\Render.cpp">
      <Filter>Source Files\Visualization\Engine</Filter>
    </ClCompile>
    <ClCompile Include="Source\Visalisation\Engine\Shader.cpp">
      <Filter>Source Files\Visualization\Engine</Filter>
    </ClCompile>
    <ClCompile Include="Source\Visalisation\Engine\Window.cpp">
      <Filter>Source Files\Visualization\Engine</Filter>
    </ClCompile>
    <ClCompile Include="Source\ContainerLoading\Algorithm\TabuSearch.cpp">
      <Filter>Source Files\ContainerLoading\Algotithm</Filter>
    </ClCompile>
  </ItemGroup>
  <ItemGroup>
    <ClInclude Include="Source\ContainerLoading\Utils\Package.h">
      <Filter>Source Files\ContainerLoading\Utils</Filter>
    </ClInclude>
    <ClInclude Include="Source\ContainerLoading\Utils\Dimensions.h">
      <Filter>Source Files\ContainerLoading\Utils</Filter>
    </ClInclude>
    <ClInclude Include="Source\ContainerLoading\PackageGenerator.h">
      <Filter>Source Files\ContainerLoading</Filter>
    </ClInclude>
    <ClInclude Include="Source\ContainerLoading\IPackageGenerator.h">
      <Filter>Source Files\ContainerLoading</Filter>
    </ClInclude>
    <ClInclude Include="Source\ContainerLoading\Utils\Layer.h">
      <Filter>Source Files\ContainerLoading\Utils</Filter>
    </ClInclude>
    <ClInclude Include="Source\ContainerLoading\Utils\Container.h">
      <Filter>Source Files\ContainerLoading\Utils</Filter>
    </ClInclude>
    <ClInclude Include="Source\ContainerLoading\ContainerLoader.h">
      <Filter>Source Files\ContainerLoading</Filter>
    </ClInclude>
    <ClInclude Include="Source\ContainerLoading\Algorithm\IAlgorithm.h">
      <Filter>Source Files\ContainerLoading\Algotithm</Filter>
    </ClInclude>
    <ClInclude Include="Source\ContainerLoading\Algorithm\ConstructionAlgorithm.h">
      <Filter>Source Files\ContainerLoading\Algotithm</Filter>
    </ClInclude>
    <ClInclude Include="Source\ContainerLoading\Algorithm\SimulatedAnnealing.h">
      <Filter>Source Files\ContainerLoading\Algotithm</Filter>
    </ClInclude>
    <ClInclude Include="Source\ContainerLoading\Algorithm\CoolingSchedule.h">
      <Filter>Source Files\ContainerLoading\Algotithm</Filter>
    </ClInclude>
    <ClInclude Include="Source\Visalisation\Visualisation.h">
      <Filter>Source Files\Visualization</Filter>
    </ClInclude>
    <ClInclude Include="Source\Visalisation\Model\Cube.h">
      <Filter>Source Files\Visualization\Model</Filter>
    </ClInclude>
    <ClInclude Include="Source\Visalisation\Engine\Camera.h">
      <Filter>Source Files\Visualization\Engine</Filter>
    </ClInclude>
    <ClInclude Include="Source\Visalisation\Engine\Render.h">
      <Filter>Source Files\Visualization\Engine</Filter>
    </ClInclude>
    <ClInclude Include="Source\Visalisation\Engine\Shader.h">
      <Filter>Source Files\Visualization\Engine</Filter>
    </ClInclude>
    <ClInclude Include="Source\Visalisation\Engine\Visualisation.h">
      <Filter>Source Files\Visualization\Engine</Filter>
    </ClInclude>
    <ClInclude Include="Source\Visalisation\Engine\Window.h">
      <Filter>Source Files\Visualization\Engine</Filter>
    </ClInclude>
    <ClInclude Include="Source\ContainerLoading\Algorithm\TabuSearch.h">
      <Filter>Source Files\ContainerLoading\Algotithm</Filter>
    </ClInclude>
  </ItemGroup>
  <ItemGroup>
    <None Include="Source\Visalisation\Shaders\TextureFragmentShader.fragmentshader">
      <Filter>Source Files\Visualization\Shaders</Filter>
    </None>
    <None Include="Source\Visalisation\Shaders\TransformVertexShader.vertexshader">
      <Filter>Source Files\Visualization\Shaders</Filter>
    </None>
  </ItemGroup>
</Project>